
Microsoft Visual Studio Solution File, Format Version 12.00
# Visual Studio Version 17
VisualStudioVersion = 17.4.33403.182
MinimumVisualStudioVersion = 10.0.40219.1
Project("{FAE04EC0-301F-11D3-BF4B-00C04F79EFBC}") = "Assault Cube Aimbot DIPL", "Assault Cube Aimbot DIPL\Assault Cube Aimbot DIPL.csproj", "{0A513629-4608-44F8-A524-D4839625D698}"
EndProject
Global
	GlobalSection(SolutionConfigurationPlatforms) = preSolution
		Debug|Any CPU = Debug|Any CPU
		Release|Any CPU = Release|Any CPU
	EndGlobalSection
	GlobalSection(ProjectConfigurationPlatforms) = postSolution
		{0A513629-4608-44F8-A524-D4839625D698}.Debug|Any CPU.ActiveCfg = Debug|Any CPU
		{0A513629-4608-44F8-A524-D4839625D698}.Debug|Any CPU.Build.0 = Debug|Any CPU
		{0A513629-4608-44F8-A524-D4839625D698}.Release|Any CPU.ActiveCfg = Release|Any CPU
		{0A513629-4608-44F8-A524-D4839625D698}.Release|Any CPU.Build.0 = Release|Any CPU
	EndGlobalSection
	GlobalSection(SolutionProperties) = preSolution
		HideSolutionNode = FALSE
	EndGlobalSection
	GlobalSection(ExtensibilityGlobals) = postSolution
		SolutionGuid = {DB8B7F9F-3434-497B-83F8-899D5577F45C}
	EndGlobalSection
EndGlobal
